// !$*UTF8*$!
{
	archiveVersion = 1;
	classes = {
	};
	objectVersion = 56;
	objects = {

/* Begin PBXBuildFile section */
		55109B8B2C83502D00E5D78F /* RxCocoa in Frameworks */ = {isa = PBXBuildFile; productRef = 55109B8A2C83502D00E5D78F /* RxCocoa */; };
		55109B8D2C83502D00E5D78F /* RxRelay in Frameworks */ = {isa = PBXBuildFile; productRef = 55109B8C2C83502D00E5D78F /* RxRelay */; };
		55109B8F2C83502D00E5D78F /* RxSwift in Frameworks */ = {isa = PBXBuildFile; productRef = 55109B8E2C83502D00E5D78F /* RxSwift */; };
		5590FC7A2C83612F001874CB /* CryptoTableViewCell.swift in Sources */ = {isa = PBXBuildFile; fileRef = 5590FC792C83612F001874CB /* CryptoTableViewCell.swift */; };
		55D584DE2C825225000B04D2 /* AppDelegate.swift in Sources */ = {isa = PBXBuildFile; fileRef = 55D584DD2C825225000B04D2 /* AppDelegate.swift */; };
		55D584E02C825225000B04D2 /* SceneDelegate.swift in Sources */ = {isa = PBXBuildFile; fileRef = 55D584DF2C825225000B04D2 /* SceneDelegate.swift */; };
		55D584E22C825225000B04D2 /* ViewController.swift in Sources */ = {isa = PBXBuildFile; fileRef = 55D584E12C825225000B04D2 /* ViewController.swift */; };
		55D584E52C825225000B04D2 /* Main.storyboard in Resources */ = {isa = PBXBuildFile; fileRef = 55D584E32C825225000B04D2 /* Main.storyboard */; };
		55D584E72C825229000B04D2 /* Assets.xcassets in Resources */ = {isa = PBXBuildFile; fileRef = 55D584E62C825229000B04D2 /* Assets.xcassets */; };
		55D584EA2C825229000B04D2 /* LaunchScreen.storyboard in Resources */ = {isa = PBXBuildFile; fileRef = 55D584E82C825229000B04D2 /* LaunchScreen.storyboard */; };
		55D584F62C825660000B04D2 /* CryptoModel.swift in Sources */ = {isa = PBXBuildFile; fileRef = 55D584F52C825660000B04D2 /* CryptoModel.swift */; };
		55D584F82C825BBC000B04D2 /* Webservice.swift in Sources */ = {isa = PBXBuildFile; fileRef = 55D584F72C825BBC000B04D2 /* Webservice.swift */; };
		55D584FD2C8317AD000B04D2 /* CryptoViewModel.swift in Sources */ = {isa = PBXBuildFile; fileRef = 55D584FC2C8317AD000B04D2 /* CryptoViewModel.swift */; };
/* End PBXBuildFile section */

/* Begin PBXFileReference section */
		5590FC792C83612F001874CB /* CryptoTableViewCell.swift */ = {isa = PBXFileReference; lastKnownFileType = sourcecode.swift; path = CryptoTableViewCell.swift; sourceTree = "<group>"; };
		55D584DA2C825225000B04D2 /* CrytoCrazyApp.app */ = {isa = PBXFileReference; explicitFileType = wrapper.application; includeInIndex = 0; path = CrytoCrazyApp.app; sourceTree = BUILT_PRODUCTS_DIR; };
		55D584DD2C825225000B04D2 /* AppDelegate.swift */ = {isa = PBXFileReference; lastKnownFileType = sourcecode.swift; path = AppDelegate.swift; sourceTree = "<group>"; };
		55D584DF2C825225000B04D2 /* SceneDelegate.swift */ = {isa = PBXFileReference; lastKnownFileType = sourcecode.swift; path = SceneDelegate.swift; sourceTree = "<group>"; };
		55D584E12C825225000B04D2 /* ViewController.swift */ = {isa = PBXFileReference; lastKnownFileType = sourcecode.swift; path = ViewController.swift; sourceTree = "<group>"; };
		55D584E42C825225000B04D2 /* Base */ = {isa = PBXFileReference; lastKnownFileType = file.storyboard; name = Base; path = Base.lproj/Main.storyboard; sourceTree = "<group>"; };
		55D584E62C825229000B04D2 /* Assets.xcassets */ = {isa = PBXFileReference; lastKnownFileType = folder.assetcatalog; path = Assets.xcassets; sourceTree = "<group>"; };
		55D584E92C825229000B04D2 /* Base */ = {isa = PBXFileReference; lastKnownFileType = file.storyboard; name = Base; path = Base.lproj/LaunchScreen.storyboard; sourceTree = "<group>"; };
		55D584EB2C825229000B04D2 /* Info.plist */ = {isa = PBXFileReference; lastKnownFileType = text.plist.xml; path = Info.plist; sourceTree = "<group>"; };
		55D584F52C825660000B04D2 /* CryptoModel.swift */ = {isa = PBXFileReference; lastKnownFileType = sourcecode.swift; path = CryptoModel.swift; sourceTree = "<group>"; };
		55D584F72C825BBC000B04D2 /* Webservice.swift */ = {isa = PBXFileReference; lastKnownFileType = sourcecode.swift; path = Webservice.swift; sourceTree = "<group>"; };
		55D584FC2C8317AD000B04D2 /* CryptoViewModel.swift */ = {isa = PBXFileReference; fileEncoding = 4; lastKnownFileType = sourcecode.swift; name = CryptoViewModel.swift; path = ../../../.Trashes/501/CryptoViewModel.swift; sourceTree = "<group>"; };
/* End PBXFileReference section */

/* Begin PBXFrameworksBuildPhase section */
		55D584D72C825225000B04D2 /* Frameworks */ = {
			isa = PBXFrameworksBuildPhase;
			buildActionMask = 2147483647;
			files = (
				55109B8F2C83502D00E5D78F /* RxSwift in Frameworks */,
				55109B8D2C83502D00E5D78F /* RxRelay in Frameworks */,
				55109B8B2C83502D00E5D78F /* RxCocoa in Frameworks */,
			);
			runOnlyForDeploymentPostprocessing = 0;
		};
/* End PBXFrameworksBuildPhase section */

/* Begin PBXGroup section */
		55D584D12C825225000B04D2 = {
			isa = PBXGroup;
			children = (
				55D584DC2C825225000B04D2 /* CrytoCrazyApp */,
				55D584DB2C825225000B04D2 /* Products */,
			);
			sourceTree = "<group>";
		};
		55D584DB2C825225000B04D2 /* Products */ = {
			isa = PBXGroup;
			children = (
				55D584DA2C825225000B04D2 /* CrytoCrazyApp.app */,
			);
			name = Products;
			sourceTree = "<group>";
		};
		55D584DC2C825225000B04D2 /* CrytoCrazyApp */ = {
			isa = PBXGroup;
			children = (
				55D584F42C825530000B04D2 /* Service */,
				55D584F32C8254D1000B04D2 /* Model */,
				55D584F22C8254B7000B04D2 /* ViewModel */,
				55D584F12C82544A000B04D2 /* View */,
				55D584E32C825225000B04D2 /* Main.storyboard */,
				55D584E62C825229000B04D2 /* Assets.xcassets */,
				55D584E82C825229000B04D2 /* LaunchScreen.storyboard */,
				55D584EB2C825229000B04D2 /* Info.plist */,
			);
			path = CrytoCrazyApp;
			sourceTree = "<group>";
		};
		55D584F12C82544A000B04D2 /* View */ = {
			isa = PBXGroup;
			children = (
				55D584E12C825225000B04D2 /* ViewController.swift */,
				55D584DD2C825225000B04D2 /* AppDelegate.swift */,
				55D584DF2C825225000B04D2 /* SceneDelegate.swift */,
				5590FC792C83612F001874CB /* CryptoTableViewCell.swift */,
			);
			path = View;
			sourceTree = "<group>";
		};
		55D584F22C8254B7000B04D2 /* ViewModel */ = {
			isa = PBXGroup;
			children = (
				55D584FC2C8317AD000B04D2 /* CryptoViewModel.swift */,
			);
			path = ViewModel;
			sourceTree = "<group>";
		};
		55D584F32C8254D1000B04D2 /* Model */ = {
			isa = PBXGroup;
			children = (
				55D584F52C825660000B04D2 /* CryptoModel.swift */,
			);
			path = Model;
			sourceTree = "<group>";
		};
		55D584F42C825530000B04D2 /* Service */ = {
			isa = PBXGroup;
			children = (
				55D584F72C825BBC000B04D2 /* Webservice.swift */,
			);
			path = Service;
			sourceTree = "<group>";
		};
/* End PBXGroup section */

/* Begin PBXNativeTarget section */
		55D584D92C825225000B04D2 /* CrytoCrazyApp */ = {
			isa = PBXNativeTarget;
			buildConfigurationList = 55D584EE2C825229000B04D2 /* Build configuration list for PBXNativeTarget "CrytoCrazyApp" */;
			buildPhases = (
				55D584D62C825225000B04D2 /* Sources */,
				55D584D72C825225000B04D2 /* Frameworks */,
				55D584D82C825225000B04D2 /* Resources */,
			);
			buildRules = (
			);
			dependencies = (
			);
			name = CrytoCrazyApp;
			packageProductDependencies = (
				55109B8A2C83502D00E5D78F /* RxCocoa */,
				55109B8C2C83502D00E5D78F /* RxRelay */,
				55109B8E2C83502D00E5D78F /* RxSwift */,
			);
			productName = CrytoCrazyApp;
			productReference = 55D584DA2C825225000B04D2 /* CrytoCrazyApp.app */;
			productType = "com.apple.product-type.application";
		};
/* End PBXNativeTarget section */

/* Begin PBXProject section */
		55D584D22C825225000B04D2 /* Project object */ = {
			isa = PBXProject;
			attributes = {
				BuildIndependentTargetsInParallel = 1;
				LastSwiftUpdateCheck = 1410;
				LastUpgradeCheck = 1410;
				TargetAttributes = {
					55D584D92C825225000B04D2 = {
						CreatedOnToolsVersion = 14.1;
					};
				};
			};
			buildConfigurationList = 55D584D52C825225000B04D2 /* Build configuration list for PBXProject "CrytoCrazyApp" */;
			compatibilityVersion = "Xcode 14.0";
			developmentRegion = en;
			hasScannedForEncodings = 0;
			knownRegions = (
				en,
				Base,
			);
			mainGroup = 55D584D12C825225000B04D2;
			packageReferences = (
				55109B892C83502D00E5D78F /* XCRemoteSwiftPackageReference "RxSwift" */,
			);
			productRefGroup = 55D584DB2C825225000B04D2 /* Products */;
			projectDirPath = "";
			projectRoot = "";
			targets = (
				55D584D92C825225000B04D2 /* CrytoCrazyApp */,
			);
		};
/* End PBXProject section */

/* Begin PBXResourcesBuildPhase section */
		55D584D82C825225000B04D2 /* Resources */ = {
			isa = PBXResourcesBuildPhase;
			buildActionMask = 2147483647;
			files = (
				55D584EA2C825229000B04D2 /* LaunchScreen.storyboard in Resources */,
				55D584E72C825229000B04D2 /* Assets.xcassets in Resources */,
				55D584E52C825225000B04D2 /* Main.storyboard in Resources */,
			);
			runOnlyForDeploymentPostprocessing = 0;
		};
/* End PBXResourcesBuildPhase section */

/* Begin PBXSourcesBuildPhase section */
		55D584D62C825225000B04D2 /* Sources */ = {
			isa = PBXSourcesBuildPhase;
			buildActionMask = 2147483647;
			files = (
				55D584E22C825225000B04D2 /* ViewController.swift in Sources */,
				55D584DE2C825225000B04D2 /* AppDelegate.swift in Sources */,
				55D584F62C825660000B04D2 /* CryptoModel.swift in Sources */,
				55D584F82C825BBC000B04D2 /* Webservice.swift in Sources */,
				55D584E02C825225000B04D2 /* SceneDelegate.swift in Sources */,
				55D584FD2C8317AD000B04D2 /* CryptoViewModel.swift in Sources */,
				5590FC7A2C83612F001874CB /* CryptoTableViewCell.swift in Sources */,
			);
			runOnlyForDeploymentPostprocessing = 0;
		};
/* End PBXSourcesBuildPhase section */

/* Begin PBXVariantGroup section */
		55D584E32C825225000B04D2 /* Main.storyboard */ = {
			isa = PBXVariantGroup;
			children = (
				55D584E42C825225000B04D2 /* Base */,
			);
			name = Main.storyboard;
			sourceTree = "<group>";
		};
		55D584E82C825229000B04D2 /* LaunchScreen.storyboard */ = {
			isa = PBXVariantGroup;
			children = (
				55D584E92C825229000B04D2 /* Base */,
			);
			name = LaunchScreen.storyboard;
			sourceTree = "<group>";
		};
/* End PBXVariantGroup section */

/* Begin XCBuildConfiguration section */
		55D584EC2C825229000B04D2 /* Debug */ = {
			isa = XCBuildConfiguration;
			buildSettings = {
				ALWAYS_SEARCH_USER_PATHS = NO;
				CLANG_ANALYZER_NONNULL = YES;
				CLANG_ANALYZER_NUMBER_OBJECT_CONVERSION = YES_AGGRESSIVE;
				CLANG_CXX_LANGUAGE_STANDARD = "gnu++20";
				CLANG_ENABLE_MODULES = YES;
				CLANG_ENABLE_OBJC_ARC = YES;
				CLANG_ENABLE_OBJC_WEAK = YES;
				CLANG_WARN_BLOCK_CAPTURE_AUTORELEASING = YES;
				CLANG_WARN_BOOL_CONVERSION = YES;
				CLANG_WARN_COMMA = YES;
				CLANG_WARN_CONSTANT_CONVERSION = YES;
				CLANG_WARN_DEPRECATED_OBJC_IMPLEMENTATIONS = YES;
				CLANG_WARN_DIRECT_OBJC_ISA_USAGE = YES_ERROR;
				CLANG_WARN_DOCUMENTATION_COMMENTS = YES;
				CLANG_WARN_EMPTY_BODY = YES;
				CLANG_WARN_ENUM_CONVERSION = YES;
				CLANG_WARN_INFINITE_RECURSION = YES;
				CLANG_WARN_INT_CONVERSION = YES;
				CLANG_WARN_NON_LITERAL_NULL_CONVERSION = YES;
				CLANG_WARN_OBJC_IMPLICIT_RETAIN_SELF = YES;
				CLANG_WARN_OBJC_LITERAL_CONVERSION = YES;
				CLANG_WARN_OBJC_ROOT_CLASS = YES_ERROR;
				CLANG_WARN_QUOTED_INCLUDE_IN_FRAMEWORK_HEADER = YES;
				CLANG_WARN_RANGE_LOOP_ANALYSIS = YES;
				CLANG_WARN_STRICT_PROTOTYPES = YES;
				CLANG_WARN_SUSPICIOUS_MOVE = YES;
				CLANG_WARN_UNGUARDED_AVAILABILITY = YES_AGGRESSIVE;
				CLANG_WARN_UNREACHABLE_CODE = YES;
				CLANG_WARN__DUPLICATE_METHOD_MATCH = YES;
				COPY_PHASE_STRIP = NO;
				DEBUG_INFORMATION_FORMAT = dwarf;
				ENABLE_STRICT_OBJC_MSGSEND = YES;
				ENABLE_TESTABILITY = YES;
				GCC_C_LANGUAGE_STANDARD = gnu11;
				GCC_DYNAMIC_NO_PIC = NO;
				GCC_NO_COMMON_BLOCKS = YES;
				GCC_OPTIMIZATION_LEVEL = 0;
				GCC_PREPROCESSOR_DEFINITIONS = (
					"DEBUG=1",
					"$(inherited)",
				);
				GCC_WARN_64_TO_32_BIT_CONVERSION = YES;
				GCC_WARN_ABOUT_RETURN_TYPE = YES_ERROR;
				GCC_WARN_UNDECLARED_SELECTOR = YES;
				GCC_WARN_UNINITIALIZED_AUTOS = YES_AGGRESSIVE;
				GCC_WARN_UNUSED_FUNCTION = YES;
				GCC_WARN_UNUSED_VARIABLE = YES;
				IPHONEOS_DEPLOYMENT_TARGET = 16.1;
				MTL_ENABLE_DEBUG_INFO = INCLUDE_SOURCE;
				MTL_FAST_MATH = YES;
				ONLY_ACTIVE_ARCH = YES;
				SDKROOT = iphoneos;
				SWIFT_ACTIVE_COMPILATION_CONDITIONS = DEBUG;
				SWIFT_OPTIMIZATION_LEVEL = "-Onone";
			};
			name = Debug;
		};
		55D584ED2C825229000B04D2 /* Release */ = {
			isa = XCBuildConfiguration;
			buildSettings = {
				ALWAYS_SEARCH_USER_PATHS = NO;
				CLANG_ANALYZER_NONNULL = YES;
				CLANG_ANALYZER_NUMBER_OBJECT_CONVERSION = YES_AGGRESSIVE;
				CLANG_CXX_LANGUAGE_STANDARD = "gnu++20";
				CLANG_ENABLE_MODULES = YES;
				CLANG_ENABLE_OBJC_ARC = YES;
				CLANG_ENABLE_OBJC_WEAK = YES;
				CLANG_WARN_BLOCK_CAPTURE_AUTORELEASING = YES;
				CLANG_WARN_BOOL_CONVERSION = YES;
				CLANG_WARN_COMMA = YES;
				CLANG_WARN_CONSTANT_CONVERSION = YES;
				CLANG_WARN_DEPRECATED_OBJC_IMPLEMENTATIONS = YES;
				CLANG_WARN_DIRECT_OBJC_ISA_USAGE = YES_ERROR;
				CLANG_WARN_DOCUMENTATION_COMMENTS = YES;
				CLANG_WARN_EMPTY_BODY = YES;
				CLANG_WARN_ENUM_CONVERSION = YES;
				CLANG_WARN_INFINITE_RECURSION = YES;
				CLANG_WARN_INT_CONVERSION = YES;
				CLANG_WARN_NON_LITERAL_NULL_CONVERSION = YES;
				CLANG_WARN_OBJC_IMPLICIT_RETAIN_SELF = YES;
				CLANG_WARN_OBJC_LITERAL_CONVERSION = YES;
				CLANG_WARN_OBJC_ROOT_CLASS = YES_ERROR;
				CLANG_WARN_QUOTED_INCLUDE_IN_FRAMEWORK_HEADER = YES;
				CLANG_WARN_RANGE_LOOP_ANALYSIS = YES;
				CLANG_WARN_STRICT_PROTOTYPES = YES;
				CLANG_WARN_SUSPICIOUS_MOVE = YES;
				CLANG_WARN_UNGUARDED_AVAILABILITY = YES_AGGRESSIVE;
				CLANG_WARN_UNREACHABLE_CODE = YES;
				CLANG_WARN__DUPLICATE_METHOD_MATCH = YES;
				COPY_PHASE_STRIP = NO;
				DEBUG_INFORMATION_FORMAT = "dwarf-with-dsym";
				ENABLE_NS_ASSERTIONS = NO;
				ENABLE_STRICT_OBJC_MSGSEND = YES;
				GCC_C_LANGUAGE_STANDARD = gnu11;
				GCC_NO_COMMON_BLOCKS = YES;
				GCC_WARN_64_TO_32_BIT_CONVERSION = YES;
				GCC_WARN_ABOUT_RETURN_TYPE = YES_ERROR;
				GCC_WARN_UNDECLARED_SELECTOR = YES;
				GCC_WARN_UNINITIALIZED_AUTOS = YES_AGGRESSIVE;
				GCC_WARN_UNUSED_FUNCTION = YES;
				GCC_WARN_UNUSED_VARIABLE = YES;
				IPHONEOS_DEPLOYMENT_TARGET = 16.1;
				MTL_ENABLE_DEBUG_INFO = NO;
				MTL_FAST_MATH = YES;
				SDKROOT = iphoneos;
				SWIFT_COMPILATION_MODE = wholemodule;
				SWIFT_OPTIMIZATION_LEVEL = "-O";
				VALIDATE_PRODUCT = YES;
			};
			name = Release;
		};
		55D584EF2C825229000B04D2 /* Debug */ = {
			isa = XCBuildConfiguration;
			buildSettings = {
				ASSETCATALOG_COMPILER_APPICON_NAME = AppIcon;
				ASSETCATALOG_COMPILER_GLOBAL_ACCENT_COLOR_NAME = AccentColor;
				CODE_SIGN_STYLE = Automatic;
				CURRENT_PROJECT_VERSION = 1;
				GENERATE_INFOPLIST_FILE = YES;
				INFOPLIST_FILE = CrytoCrazyApp/Info.plist;
				INFOPLIST_KEY_UIApplicationSupportsIndirectInputEvents = YES;
				INFOPLIST_KEY_UILaunchStoryboardName = LaunchScreen;
				INFOPLIST_KEY_UIMainStoryboardFile = Main;
				INFOPLIST_KEY_UISupportedInterfaceOrientations_iPad = "UIInterfaceOrientationPortrait UIInterfaceOrientationPortraitUpsideDown UIInterfaceOrientationLandscapeLeft UIInterfaceOrientationLandscapeRight";
				INFOPLIST_KEY_UISupportedInterfaceOrientations_iPhone = "UIInterfaceOrientationPortrait UIInterfaceOrientationLandscapeLeft UIInterfaceOrientationLandscapeRight";
				LD_RUNPATH_SEARCH_PATHS = (
					"$(inherited)",
					"@executable_path/Frameworks",
				);
				MARKETING_VERSION = 1.0;
				PRODUCT_BUNDLE_IDENTIFIER = com.umitalbayrak.CrytoCrazyApp;
				PRODUCT_NAME = "$(TARGET_NAME)";
				SWIFT_EMIT_LOC_STRINGS = YES;
				SWIFT_VERSION = 5.0;
				TARGETED_DEVICE_FAMILY = "1,2";
			};
			name = Debug;
		};
		55D584F02C825229000B04D2 /* Release */ = {
			isa = XCBuildConfiguration;
			buildSettings = {
				ASSETCATALOG_COMPILER_APPICON_NAME = AppIcon;
				ASSETCATALOG_COMPILER_GLOBAL_ACCENT_COLOR_NAME = AccentColor;
				CODE_SIGN_STYLE = Automatic;
				CURRENT_PROJECT_VERSION = 1;
				GENERATE_INFOPLIST_FILE = YES;
				INFOPLIST_FILE = CrytoCrazyApp/Info.plist;
				INFOPLIST_KEY_UIApplicationSupportsIndirectInputEvents = YES;
				INFOPLIST_KEY_UILaunchStoryboardName = LaunchScreen;
				INFOPLIST_KEY_UIMainStoryboardFile = Main;
				INFOPLIST_KEY_UISupportedInterfaceOrientations_iPad = "UIInterfaceOrientationPortrait UIInterfaceOrientationPortraitUpsideDown UIInterfaceOrientationLandscapeLeft UIInterfaceOrientationLandscapeRight";
				INFOPLIST_KEY_UISupportedInterfaceOrientations_iPhone = "UIInterfaceOrientationPortrait UIInterfaceOrientationLandscapeLeft UIInterfaceOrientationLandscapeRight";
				LD_RUNPATH_SEARCH_PATHS = (
					"$(inherited)",
					"@executable_path/Frameworks",
				);
				MARKETING_VERSION = 1.0;
				PRODUCT_BUNDLE_IDENTIFIER = com.umitalbayrak.CrytoCrazyApp;
				PRODUCT_NAME = "$(TARGET_NAME)";
				SWIFT_EMIT_LOC_STRINGS = YES;
				SWIFT_VERSION = 5.0;
				TARGETED_DEVICE_FAMILY = "1,2";
			};
			name = Release;
		};
/* End XCBuildConfiguration section */

/* Begin XCConfigurationList section */
		55D584D52C825225000B04D2 /* Build configuration list for PBXProject "CrytoCrazyApp" */ = {
			isa = XCConfigurationList;
			buildConfigurations = (
				55D584EC2C825229000B04D2 /* Debug */,
				55D584ED2C825229000B04D2 /* Release */,
			);
			defaultConfigurationIsVisible = 0;
			defaultConfigurationName = Release;
		};
		55D584EE2C825229000B04D2 /* Build configuration list for PBXNativeTarget "CrytoCrazyApp" */ = {
			isa = XCConfigurationList;
			buildConfigurations = (
				55D584EF2C825229000B04D2 /* Debug */,
				55D584F02C825229000B04D2 /* Release */,
			);
			defaultConfigurationIsVisible = 0;
			defaultConfigurationName = Release;
		};
/* End XCConfigurationList section */

/* Begin XCRemoteSwiftPackageReference section */
		55109B892C83502D00E5D78F /* XCRemoteSwiftPackageReference "RxSwift" */ = {
			isa = XCRemoteSwiftPackageReference;
			repositoryURL = "https://github.com/ReactiveX/RxSwift.git";
			requirement = {
				branch = main;
				kind = branch;
			};
		};
/* End XCRemoteSwiftPackageReference section */

/* Begin XCSwiftPackageProductDependency section */
		55109B8A2C83502D00E5D78F /* RxCocoa */ = {
			isa = XCSwiftPackageProductDependency;
			package = 55109B892C83502D00E5D78F /* XCRemoteSwiftPackageReference "RxSwift" */;
			productName = RxCocoa;
		};
		55109B8C2C83502D00E5D78F /* RxRelay */ = {
			isa = XCSwiftPackageProductDependency;
			package = 55109B892C83502D00E5D78F /* XCRemoteSwiftPackageReference "RxSwift" */;
			productName = RxRelay;
		};
		55109B8E2C83502D00E5D78F /* RxSwift */ = {
			isa = XCSwiftPackageProductDependency;
			package = 55109B892C83502D00E5D78F /* XCRemoteSwiftPackageReference "RxSwift" */;
			productName = RxSwift;
		};
/* End XCSwiftPackageProductDependency section */
	};
	rootObject = 55D584D22C825225000B04D2 /* Project object */;
}
